
Microsoft Visual Studio Solution File, Format Version 12.00
# Visual Studio 15
VisualStudioVersion = 15.0.27703.2042
MinimumVisualStudioVersion = 10.0.40219.1
Project("{9A19103F-16F7-4668-BE54-9A1E7A4F7556}") = "Surveillance.App", "App\Surveillance.App.csproj", "{8EF93F20-21B9-4A22-A5D9-0F9D35E6E7F2}"
EndProject
Project("{2150E333-8FDC-42A3-9474-1A3956D46DE8}") = "SolutionItems", "SolutionItems", "{E155D2AC-4111-497E-933A-1D74583FDED2}"
	ProjectSection(SolutionItems) = preProject
		nuget.config = nuget.config
	EndProjectSection
EndProject
Project("{9A19103F-16F7-4668-BE54-9A1E7A4F7556}") = "Domain", "..\Domain\Domain\Domain.csproj", "{0695992D-5254-4153-87DD-D18F79358848}"
EndProject
Project("{9A19103F-16F7-4668-BE54-9A1E7A4F7556}") = "Domain.Tests", "..\Domain\Domain.Tests\Domain.Tests.csproj", "{594A0634-5CA4-4E0E-B657-FAC81AD1F22D}"
EndProject
Project("{9A19103F-16F7-4668-BE54-9A1E7A4F7556}") = "Utilities", "..\Utilities\Utilities.csproj", "{C2E1533A-BD41-4401-9351-CDE4AA4F45AD}"
EndProject
Project("{9A19103F-16F7-4668-BE54-9A1E7A4F7556}") = "Surveillance", "Surveillance\Surveillance.csproj", "{A6E83797-F46D-4F77-88D8-95829B5C1F60}"
EndProject
Project("{9A19103F-16F7-4668-BE54-9A1E7A4F7556}") = "Surveillance.DataLayer", "Surveillance.DataLayer\Surveillance.DataLayer.csproj", "{B2E42959-0C02-4C72-8DF4-637AD492ECF3}"
EndProject
Project("{9A19103F-16F7-4668-BE54-9A1E7A4F7556}") = "Surveillance.ElasticSearchDtos", "..\Surveillance.ElasticSearchDtos\Surveillance.ElasticSearchDtos.csproj", "{C0D62F7B-1DDD-4A16-9988-FEE51F61A27C}"
EndProject
Project("{9A19103F-16F7-4668-BE54-9A1E7A4F7556}") = "Utilities.Tests", "..\Utilities.Tests\Utilities.Tests.csproj", "{4661D6AA-15B9-4A0E-B296-925ABE213285}"
EndProject
Project("{FAE04EC0-301F-11D3-BF4B-00C04F79EFBC}") = "Surveillance.DataLayer.Tests", "Surveillance.DataLayer.Tests\Surveillance.DataLayer.Tests.csproj", "{0A9147B5-F9AA-4D32-978F-5527C611285D}"
EndProject
Global
	GlobalSection(SolutionConfigurationPlatforms) = preSolution
		Debug|Any CPU = Debug|Any CPU
		Release|Any CPU = Release|Any CPU
	EndGlobalSection
	GlobalSection(ProjectConfigurationPlatforms) = postSolution
		{8EF93F20-21B9-4A22-A5D9-0F9D35E6E7F2}.Debug|Any CPU.ActiveCfg = Debug|Any CPU
		{8EF93F20-21B9-4A22-A5D9-0F9D35E6E7F2}.Debug|Any CPU.Build.0 = Debug|Any CPU
		{8EF93F20-21B9-4A22-A5D9-0F9D35E6E7F2}.Release|Any CPU.ActiveCfg = Release|Any CPU
		{8EF93F20-21B9-4A22-A5D9-0F9D35E6E7F2}.Release|Any CPU.Build.0 = Release|Any CPU
		{0695992D-5254-4153-87DD-D18F79358848}.Debug|Any CPU.ActiveCfg = Debug|Any CPU
		{0695992D-5254-4153-87DD-D18F79358848}.Debug|Any CPU.Build.0 = Debug|Any CPU
		{0695992D-5254-4153-87DD-D18F79358848}.Release|Any CPU.ActiveCfg = Release|Any CPU
		{0695992D-5254-4153-87DD-D18F79358848}.Release|Any CPU.Build.0 = Release|Any CPU
		{594A0634-5CA4-4E0E-B657-FAC81AD1F22D}.Debug|Any CPU.ActiveCfg = Debug|Any CPU
		{594A0634-5CA4-4E0E-B657-FAC81AD1F22D}.Debug|Any CPU.Build.0 = Debug|Any CPU
		{594A0634-5CA4-4E0E-B657-FAC81AD1F22D}.Release|Any CPU.ActiveCfg = Release|Any CPU
		{594A0634-5CA4-4E0E-B657-FAC81AD1F22D}.Release|Any CPU.Build.0 = Release|Any CPU
		{C2E1533A-BD41-4401-9351-CDE4AA4F45AD}.Debug|Any CPU.ActiveCfg = Debug|Any CPU
		{C2E1533A-BD41-4401-9351-CDE4AA4F45AD}.Debug|Any CPU.Build.0 = Debug|Any CPU
		{C2E1533A-BD41-4401-9351-CDE4AA4F45AD}.Release|Any CPU.ActiveCfg = Release|Any CPU
		{C2E1533A-BD41-4401-9351-CDE4AA4F45AD}.Release|Any CPU.Build.0 = Release|Any CPU
		{A6E83797-F46D-4F77-88D8-95829B5C1F60}.Debug|Any CPU.ActiveCfg = Debug|Any CPU
		{A6E83797-F46D-4F77-88D8-95829B5C1F60}.Debug|Any CPU.Build.0 = Debug|Any CPU
		{A6E83797-F46D-4F77-88D8-95829B5C1F60}.Release|Any CPU.ActiveCfg = Release|Any CPU
		{A6E83797-F46D-4F77-88D8-95829B5C1F60}.Release|Any CPU.Build.0 = Release|Any CPU
		{B2E42959-0C02-4C72-8DF4-637AD492ECF3}.Debug|Any CPU.ActiveCfg = Debug|Any CPU
		{B2E42959-0C02-4C72-8DF4-637AD492ECF3}.Debug|Any CPU.Build.0 = Debug|Any CPU
		{B2E42959-0C02-4C72-8DF4-637AD492ECF3}.Release|Any CPU.ActiveCfg = Release|Any CPU
		{B2E42959-0C02-4C72-8DF4-637AD492ECF3}.Release|Any CPU.Build.0 = Release|Any CPU
		{C0D62F7B-1DDD-4A16-9988-FEE51F61A27C}.Debug|Any CPU.ActiveCfg = Debug|Any CPU
		{C0D62F7B-1DDD-4A16-9988-FEE51F61A27C}.Debug|Any CPU.Build.0 = Debug|Any CPU
		{C0D62F7B-1DDD-4A16-9988-FEE51F61A27C}.Release|Any CPU.ActiveCfg = Release|Any CPU
		{C0D62F7B-1DDD-4A16-9988-FEE51F61A27C}.Release|Any CPU.Build.0 = Release|Any CPU
		{4661D6AA-15B9-4A0E-B296-925ABE213285}.Debug|Any CPU.ActiveCfg = Debug|Any CPU
		{4661D6AA-15B9-4A0E-B296-925ABE213285}.Debug|Any CPU.Build.0 = Debug|Any CPU
		{4661D6AA-15B9-4A0E-B296-925ABE213285}.Release|Any CPU.ActiveCfg = Release|Any CPU
		{4661D6AA-15B9-4A0E-B296-925ABE213285}.Release|Any CPU.Build.0 = Release|Any CPU
		{0A9147B5-F9AA-4D32-978F-5527C611285D}.Debug|Any CPU.ActiveCfg = Debug|Any CPU
		{0A9147B5-F9AA-4D32-978F-5527C611285D}.Debug|Any CPU.Build.0 = Debug|Any CPU
		{0A9147B5-F9AA-4D32-978F-5527C611285D}.Release|Any CPU.ActiveCfg = Release|Any CPU
		{0A9147B5-F9AA-4D32-978F-5527C611285D}.Release|Any CPU.Build.0 = Release|Any CPU
	EndGlobalSection
	GlobalSection(SolutionProperties) = preSolution
		HideSolutionNode = FALSE
	EndGlobalSection
	GlobalSection(ExtensibilityGlobals) = postSolution
		SolutionGuid = {7516FAA5-E037-4E56-8CD6-234C961FFDF8}
	EndGlobalSection
EndGlobal
