
Microsoft Visual Studio Solution File, Format Version 12.00
# Visual Studio 15
VisualStudioVersion = 15.0.27703.2042
MinimumVisualStudioVersion = 10.0.40219.1
Project("{9A19103F-16F7-4668-BE54-9A1E7A4F7556}") = "App", "App\App.csproj", "{8EF93F20-21B9-4A22-A5D9-0F9D35E6E7F2}"
EndProject
Project("{2150E333-8FDC-42A3-9474-1A3956D46DE8}") = "SolutionItems", "SolutionItems", "{E155D2AC-4111-497E-933A-1D74583FDED2}"
	ProjectSection(SolutionItems) = preProject
		nuget.config = nuget.config
	EndProjectSection
EndProject
Global
	GlobalSection(SolutionConfigurationPlatforms) = preSolution
		Debug|Any CPU = Debug|Any CPU
		Release|Any CPU = Release|Any CPU
	EndGlobalSection
	GlobalSection(ProjectConfigurationPlatforms) = postSolution
		{8EF93F20-21B9-4A22-A5D9-0F9D35E6E7F2}.Debug|Any CPU.ActiveCfg = Debug|Any CPU
		{8EF93F20-21B9-4A22-A5D9-0F9D35E6E7F2}.Debug|Any CPU.Build.0 = Debug|Any CPU
		{8EF93F20-21B9-4A22-A5D9-0F9D35E6E7F2}.Release|Any CPU.ActiveCfg = Release|Any CPU
		{8EF93F20-21B9-4A22-A5D9-0F9D35E6E7F2}.Release|Any CPU.Build.0 = Release|Any CPU
	EndGlobalSection
	GlobalSection(SolutionProperties) = preSolution
		HideSolutionNode = FALSE
	EndGlobalSection
	GlobalSection(ExtensibilityGlobals) = postSolution
		SolutionGuid = {7516FAA5-E037-4E56-8CD6-234C961FFDF8}
	EndGlobalSection
EndGlobal
