
Microsoft Visual Studio Solution File, Format Version 12.00
# Visual Studio 15
VisualStudioVersion = 15.0.27703.2042
MinimumVisualStudioVersion = 10.0.40219.1
Project("{9A19103F-16F7-4668-BE54-9A1E7A4F7556}") = "Relay.App", "App\Relay.App.csproj", "{8EF93F20-21B9-4A22-A5D9-0F9D35E6E7F2}"
EndProject
Project("{2150E333-8FDC-42A3-9474-1A3956D46DE8}") = "SolutionItems", "SolutionItems", "{E155D2AC-4111-497E-933A-1D74583FDED2}"
	ProjectSection(SolutionItems) = preProject
		nuget.config = nuget.config
	EndProjectSection
EndProject
Project("{9A19103F-16F7-4668-BE54-9A1E7A4F7556}") = "Relay", "Relay\Relay.csproj", "{76F323C6-9C2E-444D-B443-9563E5B6C38F}"
EndProject
Project("{9A19103F-16F7-4668-BE54-9A1E7A4F7556}") = "Domain", "..\Domain\Domain\Domain.csproj", "{0695992D-5254-4153-87DD-D18F79358848}"
EndProject
Project("{9A19103F-16F7-4668-BE54-9A1E7A4F7556}") = "Domain.Tests", "..\Domain\Domain.Tests\Domain.Tests.csproj", "{594A0634-5CA4-4E0E-B657-FAC81AD1F22D}"
EndProject
Project("{9A19103F-16F7-4668-BE54-9A1E7A4F7556}") = "Utilities", "..\Utilities\Utilities.csproj", "{C2E1533A-BD41-4401-9351-CDE4AA4F45AD}"
EndProject
Project("{FAE04EC0-301F-11D3-BF4B-00C04F79EFBC}") = "Relay.Tests", "Relay.Tests\Relay.Tests.csproj", "{3EB3569F-92AD-4836-834F-6174BD8D9369}"
EndProject
Project("{9A19103F-16F7-4668-BE54-9A1E7A4F7556}") = "Utilities.Tests", "..\Utilities.Tests\Utilities.Tests.csproj", "{B7E21687-B545-46C1-9CD5-09F4EB061DC6}"
EndProject
Global
	GlobalSection(SolutionConfigurationPlatforms) = preSolution
		Debug|Any CPU = Debug|Any CPU
		Release|Any CPU = Release|Any CPU
	EndGlobalSection
	GlobalSection(ProjectConfigurationPlatforms) = postSolution
		{8EF93F20-21B9-4A22-A5D9-0F9D35E6E7F2}.Debug|Any CPU.ActiveCfg = Debug|Any CPU
		{8EF93F20-21B9-4A22-A5D9-0F9D35E6E7F2}.Debug|Any CPU.Build.0 = Debug|Any CPU
		{8EF93F20-21B9-4A22-A5D9-0F9D35E6E7F2}.Release|Any CPU.ActiveCfg = Release|Any CPU
		{8EF93F20-21B9-4A22-A5D9-0F9D35E6E7F2}.Release|Any CPU.Build.0 = Release|Any CPU
		{76F323C6-9C2E-444D-B443-9563E5B6C38F}.Debug|Any CPU.ActiveCfg = Debug|Any CPU
		{76F323C6-9C2E-444D-B443-9563E5B6C38F}.Debug|Any CPU.Build.0 = Debug|Any CPU
		{76F323C6-9C2E-444D-B443-9563E5B6C38F}.Release|Any CPU.ActiveCfg = Release|Any CPU
		{76F323C6-9C2E-444D-B443-9563E5B6C38F}.Release|Any CPU.Build.0 = Release|Any CPU
		{0695992D-5254-4153-87DD-D18F79358848}.Debug|Any CPU.ActiveCfg = Debug|Any CPU
		{0695992D-5254-4153-87DD-D18F79358848}.Debug|Any CPU.Build.0 = Debug|Any CPU
		{0695992D-5254-4153-87DD-D18F79358848}.Release|Any CPU.ActiveCfg = Release|Any CPU
		{0695992D-5254-4153-87DD-D18F79358848}.Release|Any CPU.Build.0 = Release|Any CPU
		{594A0634-5CA4-4E0E-B657-FAC81AD1F22D}.Debug|Any CPU.ActiveCfg = Debug|Any CPU
		{594A0634-5CA4-4E0E-B657-FAC81AD1F22D}.Debug|Any CPU.Build.0 = Debug|Any CPU
		{594A0634-5CA4-4E0E-B657-FAC81AD1F22D}.Release|Any CPU.ActiveCfg = Release|Any CPU
		{594A0634-5CA4-4E0E-B657-FAC81AD1F22D}.Release|Any CPU.Build.0 = Release|Any CPU
		{C2E1533A-BD41-4401-9351-CDE4AA4F45AD}.Debug|Any CPU.ActiveCfg = Debug|Any CPU
		{C2E1533A-BD41-4401-9351-CDE4AA4F45AD}.Debug|Any CPU.Build.0 = Debug|Any CPU
		{C2E1533A-BD41-4401-9351-CDE4AA4F45AD}.Release|Any CPU.ActiveCfg = Release|Any CPU
		{C2E1533A-BD41-4401-9351-CDE4AA4F45AD}.Release|Any CPU.Build.0 = Release|Any CPU
		{3EB3569F-92AD-4836-834F-6174BD8D9369}.Debug|Any CPU.ActiveCfg = Debug|Any CPU
		{3EB3569F-92AD-4836-834F-6174BD8D9369}.Debug|Any CPU.Build.0 = Debug|Any CPU
		{3EB3569F-92AD-4836-834F-6174BD8D9369}.Release|Any CPU.ActiveCfg = Release|Any CPU
		{3EB3569F-92AD-4836-834F-6174BD8D9369}.Release|Any CPU.Build.0 = Release|Any CPU
		{B7E21687-B545-46C1-9CD5-09F4EB061DC6}.Debug|Any CPU.ActiveCfg = Debug|Any CPU
		{B7E21687-B545-46C1-9CD5-09F4EB061DC6}.Debug|Any CPU.Build.0 = Debug|Any CPU
		{B7E21687-B545-46C1-9CD5-09F4EB061DC6}.Release|Any CPU.ActiveCfg = Release|Any CPU
		{B7E21687-B545-46C1-9CD5-09F4EB061DC6}.Release|Any CPU.Build.0 = Release|Any CPU
	EndGlobalSection
	GlobalSection(SolutionProperties) = preSolution
		HideSolutionNode = FALSE
	EndGlobalSection
	GlobalSection(ExtensibilityGlobals) = postSolution
		SolutionGuid = {7516FAA5-E037-4E56-8CD6-234C961FFDF8}
	EndGlobalSection
EndGlobal
