
Microsoft Visual Studio Solution File, Format Version 12.00
# Visual Studio 15
VisualStudioVersion = 15.0.27703.2035
MinimumVisualStudioVersion = 10.0.40219.1
Project("{9A19103F-16F7-4668-BE54-9A1E7A4F7556}") = "TestHarness", "TestHarness\TestHarness.csproj", "{F37F57E2-F634-4A31-9C91-1B016F190795}"
EndProject
Project("{9A19103F-16F7-4668-BE54-9A1E7A4F7556}") = "Domain", "Domain\Domain.csproj", "{134C87A1-5DF1-4201-AC1B-1C101E27C2AD}"
EndProject
Project("{9A19103F-16F7-4668-BE54-9A1E7A4F7556}") = "Domain.Tests", "Domain.Tests\Domain.Tests.csproj", "{0F54D773-0644-4BB0-81AF-3F5F525298AE}"
EndProject
Project("{9A19103F-16F7-4668-BE54-9A1E7A4F7556}") = "TestHarness.Tests", "TestHarness.Tests\TestHarness.Tests.csproj", "{4D65E9D0-641D-42A4-83AE-806E4A237E51}"
EndProject
Project("{FAE04EC0-301F-11D3-BF4B-00C04F79EFBC}") = "App", "App\App.csproj", "{72746561-1101-4004-84AA-400784181535}"
EndProject
Global
	GlobalSection(SolutionConfigurationPlatforms) = preSolution
		Debug|Any CPU = Debug|Any CPU
		Release|Any CPU = Release|Any CPU
	EndGlobalSection
	GlobalSection(ProjectConfigurationPlatforms) = postSolution
		{F37F57E2-F634-4A31-9C91-1B016F190795}.Debug|Any CPU.ActiveCfg = Debug|Any CPU
		{F37F57E2-F634-4A31-9C91-1B016F190795}.Debug|Any CPU.Build.0 = Debug|Any CPU
		{F37F57E2-F634-4A31-9C91-1B016F190795}.Release|Any CPU.ActiveCfg = Release|Any CPU
		{F37F57E2-F634-4A31-9C91-1B016F190795}.Release|Any CPU.Build.0 = Release|Any CPU
		{134C87A1-5DF1-4201-AC1B-1C101E27C2AD}.Debug|Any CPU.ActiveCfg = Debug|Any CPU
		{134C87A1-5DF1-4201-AC1B-1C101E27C2AD}.Debug|Any CPU.Build.0 = Debug|Any CPU
		{134C87A1-5DF1-4201-AC1B-1C101E27C2AD}.Release|Any CPU.ActiveCfg = Release|Any CPU
		{134C87A1-5DF1-4201-AC1B-1C101E27C2AD}.Release|Any CPU.Build.0 = Release|Any CPU
		{0F54D773-0644-4BB0-81AF-3F5F525298AE}.Debug|Any CPU.ActiveCfg = Debug|Any CPU
		{0F54D773-0644-4BB0-81AF-3F5F525298AE}.Debug|Any CPU.Build.0 = Debug|Any CPU
		{0F54D773-0644-4BB0-81AF-3F5F525298AE}.Release|Any CPU.ActiveCfg = Release|Any CPU
		{0F54D773-0644-4BB0-81AF-3F5F525298AE}.Release|Any CPU.Build.0 = Release|Any CPU
		{4D65E9D0-641D-42A4-83AE-806E4A237E51}.Debug|Any CPU.ActiveCfg = Debug|Any CPU
		{4D65E9D0-641D-42A4-83AE-806E4A237E51}.Debug|Any CPU.Build.0 = Debug|Any CPU
		{4D65E9D0-641D-42A4-83AE-806E4A237E51}.Release|Any CPU.ActiveCfg = Release|Any CPU
		{4D65E9D0-641D-42A4-83AE-806E4A237E51}.Release|Any CPU.Build.0 = Release|Any CPU
		{72746561-1101-4004-84AA-400784181535}.Debug|Any CPU.ActiveCfg = Debug|Any CPU
		{72746561-1101-4004-84AA-400784181535}.Debug|Any CPU.Build.0 = Debug|Any CPU
		{72746561-1101-4004-84AA-400784181535}.Release|Any CPU.ActiveCfg = Release|Any CPU
		{72746561-1101-4004-84AA-400784181535}.Release|Any CPU.Build.0 = Release|Any CPU
	EndGlobalSection
	GlobalSection(SolutionProperties) = preSolution
		HideSolutionNode = FALSE
	EndGlobalSection
	GlobalSection(ExtensibilityGlobals) = postSolution
		SolutionGuid = {EBD0122D-E119-4751-BCF7-84A5EC147D7E}
	EndGlobalSection
EndGlobal
