
Microsoft Visual Studio Solution File, Format Version 12.00
# Visual Studio 15
VisualStudioVersion = 15.0.27703.2035
MinimumVisualStudioVersion = 10.0.40219.1
Project("{9A19103F-16F7-4668-BE54-9A1E7A4F7556}") = "Utilities", "Utilities\Utilities.csproj", "{37E48D27-2C7A-4E19-9F5F-62E8A3ECA3F8}"
EndProject
Project("{9A19103F-16F7-4668-BE54-9A1E7A4F7556}") = "Surveillance.App", "Surveillance\App\Surveillance.App.csproj", "{7FF64A54-B10E-4EF4-8E53-3FB0B4C5F95E}"
EndProject
Project("{9A19103F-16F7-4668-BE54-9A1E7A4F7556}") = "TestHarness.App", "Test Harness\App\TestHarness.App.csproj", "{F0DAE8AA-1379-4103-B259-6CB311151C30}"
EndProject
Project("{9A19103F-16F7-4668-BE54-9A1E7A4F7556}") = "TestHarness", "Test Harness\TestHarness\TestHarness.csproj", "{40340119-6055-429D-8EB5-29381C73E8A9}"
EndProject
Project("{9A19103F-16F7-4668-BE54-9A1E7A4F7556}") = "TestHarness.Tests", "Test Harness\TestHarness.Tests\TestHarness.Tests.csproj", "{807570AC-EA04-4EF4-BC0B-06F6FCF2C4B5}"
EndProject
Project("{9A19103F-16F7-4668-BE54-9A1E7A4F7556}") = "Surveillance", "Surveillance\Surveillance\Surveillance.csproj", "{B4E9EFA4-9C26-4432-8B56-59CB324B2AE0}"
EndProject
Project("{9A19103F-16F7-4668-BE54-9A1E7A4F7556}") = "Surveillance.DataLayer", "Surveillance\Surveillance.DataLayer\Surveillance.DataLayer.csproj", "{1FEF6EB4-C6C5-420E-AC66-2D315A9A2758}"
EndProject
Project("{9A19103F-16F7-4668-BE54-9A1E7A4F7556}") = "Surveillance.DataLayer.Tests", "Surveillance\Surveillance.DataLayer.Tests\Surveillance.DataLayer.Tests.csproj", "{6C55EB6A-CEF3-4B9E-A105-9A6BBA7E3907}"
EndProject
Project("{9A19103F-16F7-4668-BE54-9A1E7A4F7556}") = "Surveillance.Tests", "Surveillance\Surveillance.Tests\Surveillance.Tests.csproj", "{C09EC5C7-6732-48BD-BC49-BE2E1A54CFDE}"
EndProject
Project("{9A19103F-16F7-4668-BE54-9A1E7A4F7556}") = "Utilities.Tests", "Utilities.Tests\Utilities.Tests.csproj", "{4221F5C3-0DDA-42D0-AF9D-02A9B1ACF978}"
EndProject
Project("{2150E333-8FDC-42A3-9474-1A3956D46DE8}") = "SolutionItems", "SolutionItems", "{E546D723-A50D-4D86-9E51-555F19A503AC}"
	ProjectSection(SolutionItems) = preProject
		nuget.config = nuget.config
	EndProjectSection
EndProject
Project("{9A19103F-16F7-4668-BE54-9A1E7A4F7556}") = "Surveillance.System.DataLayer", "Surveillance.System.DataLayer\Surveillance.System.DataLayer.csproj", "{A56736C5-1834-411E-80C6-0193F52A3EAC}"
EndProject
Project("{9A19103F-16F7-4668-BE54-9A1E7A4F7556}") = "Surveillance.System.Auditing", "Surveillance.System.Auditing\Surveillance.System.Auditing.csproj", "{4B284ED4-A223-41D6-94B7-0C0CE8B44500}"
EndProject
Project("{9A19103F-16F7-4668-BE54-9A1E7A4F7556}") = "Surveillance.System.DataLayer.Tests", "Surveillance.System.DataLayer.Tests\Surveillance.System.DataLayer.Tests.csproj", "{1A82341B-913A-42F6-BA5B-BE56E136E746}"
EndProject
Project("{9A19103F-16F7-4668-BE54-9A1E7A4F7556}") = "DataImport.App", "DataImport\App\DataImport.App.csproj", "{7F69784F-39DF-4BDE-B74C-EA5B46053081}"
EndProject
Project("{9A19103F-16F7-4668-BE54-9A1E7A4F7556}") = "DataImport.Tests", "DataImport\DataImport.Tests\DataImport.Tests.csproj", "{AA9726A2-B47B-4E5E-B968-2209370DA4E7}"
EndProject
Project("{9A19103F-16F7-4668-BE54-9A1E7A4F7556}") = "DataImport", "DataImport\DataImport\DataImport.csproj", "{CB72ECF0-CEA7-4378-B78A-8C70C79216BE}"
EndProject
Project("{9A19103F-16F7-4668-BE54-9A1E7A4F7556}") = "DomainV2", "DomainV2\DomainV2.csproj", "{3D26B265-C824-49C4-B186-70A2D4876FA4}"
EndProject
Project("{9A19103F-16F7-4668-BE54-9A1E7A4F7556}") = "Domain.Tests", "Domain\Domain.Tests\Domain.Tests.csproj", "{2A3974A7-782F-48BF-810B-5064203C4E0A}"
EndProject
Project("{9A19103F-16F7-4668-BE54-9A1E7A4F7556}") = "ThirdPartySurveillanceDataSynchroniser.App", "ThirdPartySurveillanceDataSynchroniser\App\ThirdPartySurveillanceDataSynchroniser.App.csproj", "{5B87FB40-FB7C-48CC-A481-979395D9A9D2}"
EndProject
Project("{9A19103F-16F7-4668-BE54-9A1E7A4F7556}") = "ThirdPartySurveillanceDataSynchroniser", "ThirdPartySurveillanceDataSynchroniser\ThirdPartySurveillanceDataSynchroniser\ThirdPartySurveillanceDataSynchroniser.csproj", "{E1ACCFA8-244E-47E2-B822-2095C4040C0E}"
EndProject
Project("{9A19103F-16F7-4668-BE54-9A1E7A4F7556}") = "ThirdPartySurveillanceDataSynchroniser.Tests", "ThirdPartySurveillanceDataSynchroniser\ThirdPartySurveillanceDataSynchroniser.Tests\ThirdPartySurveillanceDataSynchroniser.Tests.csproj", "{02932DA1-2275-4014-8EE1-4C71865B1F1D}"
EndProject
Project("{9A19103F-16F7-4668-BE54-9A1E7A4F7556}") = "DomainV2.Tests", "DomainV2.Tests\DomainV2.Tests.csproj", "{748CDADE-6EAA-41F7-8CE1-A3AD8D7DE9E2}"
EndProject
Project("{FAE04EC0-301F-11D3-BF4B-00C04F79EFBC}") = "DataImport.Integration.Tests", "DataImport.Integration.Tests\DataImport.Integration.Tests.csproj", "{FA1DDD29-D2E5-4DC6-814B-2015593C3F02}"
EndProject
Global
	GlobalSection(SolutionConfigurationPlatforms) = preSolution
		Debug|Any CPU = Debug|Any CPU
		Release|Any CPU = Release|Any CPU
	EndGlobalSection
	GlobalSection(ProjectConfigurationPlatforms) = postSolution
		{37E48D27-2C7A-4E19-9F5F-62E8A3ECA3F8}.Debug|Any CPU.ActiveCfg = Debug|Any CPU
		{37E48D27-2C7A-4E19-9F5F-62E8A3ECA3F8}.Debug|Any CPU.Build.0 = Debug|Any CPU
		{37E48D27-2C7A-4E19-9F5F-62E8A3ECA3F8}.Release|Any CPU.ActiveCfg = Release|Any CPU
		{37E48D27-2C7A-4E19-9F5F-62E8A3ECA3F8}.Release|Any CPU.Build.0 = Release|Any CPU
		{7FF64A54-B10E-4EF4-8E53-3FB0B4C5F95E}.Debug|Any CPU.ActiveCfg = Debug|Any CPU
		{7FF64A54-B10E-4EF4-8E53-3FB0B4C5F95E}.Debug|Any CPU.Build.0 = Debug|Any CPU
		{7FF64A54-B10E-4EF4-8E53-3FB0B4C5F95E}.Release|Any CPU.ActiveCfg = Release|Any CPU
		{7FF64A54-B10E-4EF4-8E53-3FB0B4C5F95E}.Release|Any CPU.Build.0 = Release|Any CPU
		{F0DAE8AA-1379-4103-B259-6CB311151C30}.Debug|Any CPU.ActiveCfg = Debug|Any CPU
		{F0DAE8AA-1379-4103-B259-6CB311151C30}.Debug|Any CPU.Build.0 = Debug|Any CPU
		{F0DAE8AA-1379-4103-B259-6CB311151C30}.Release|Any CPU.ActiveCfg = Release|Any CPU
		{F0DAE8AA-1379-4103-B259-6CB311151C30}.Release|Any CPU.Build.0 = Release|Any CPU
		{40340119-6055-429D-8EB5-29381C73E8A9}.Debug|Any CPU.ActiveCfg = Debug|Any CPU
		{40340119-6055-429D-8EB5-29381C73E8A9}.Debug|Any CPU.Build.0 = Debug|Any CPU
		{40340119-6055-429D-8EB5-29381C73E8A9}.Release|Any CPU.ActiveCfg = Release|Any CPU
		{40340119-6055-429D-8EB5-29381C73E8A9}.Release|Any CPU.Build.0 = Release|Any CPU
		{807570AC-EA04-4EF4-BC0B-06F6FCF2C4B5}.Debug|Any CPU.ActiveCfg = Debug|Any CPU
		{807570AC-EA04-4EF4-BC0B-06F6FCF2C4B5}.Debug|Any CPU.Build.0 = Debug|Any CPU
		{807570AC-EA04-4EF4-BC0B-06F6FCF2C4B5}.Release|Any CPU.ActiveCfg = Release|Any CPU
		{807570AC-EA04-4EF4-BC0B-06F6FCF2C4B5}.Release|Any CPU.Build.0 = Release|Any CPU
		{B4E9EFA4-9C26-4432-8B56-59CB324B2AE0}.Debug|Any CPU.ActiveCfg = Debug|Any CPU
		{B4E9EFA4-9C26-4432-8B56-59CB324B2AE0}.Debug|Any CPU.Build.0 = Debug|Any CPU
		{B4E9EFA4-9C26-4432-8B56-59CB324B2AE0}.Release|Any CPU.ActiveCfg = Release|Any CPU
		{B4E9EFA4-9C26-4432-8B56-59CB324B2AE0}.Release|Any CPU.Build.0 = Release|Any CPU
		{1FEF6EB4-C6C5-420E-AC66-2D315A9A2758}.Debug|Any CPU.ActiveCfg = Debug|Any CPU
		{1FEF6EB4-C6C5-420E-AC66-2D315A9A2758}.Debug|Any CPU.Build.0 = Debug|Any CPU
		{1FEF6EB4-C6C5-420E-AC66-2D315A9A2758}.Release|Any CPU.ActiveCfg = Release|Any CPU
		{1FEF6EB4-C6C5-420E-AC66-2D315A9A2758}.Release|Any CPU.Build.0 = Release|Any CPU
		{6C55EB6A-CEF3-4B9E-A105-9A6BBA7E3907}.Debug|Any CPU.ActiveCfg = Debug|Any CPU
		{6C55EB6A-CEF3-4B9E-A105-9A6BBA7E3907}.Debug|Any CPU.Build.0 = Debug|Any CPU
		{6C55EB6A-CEF3-4B9E-A105-9A6BBA7E3907}.Release|Any CPU.ActiveCfg = Release|Any CPU
		{6C55EB6A-CEF3-4B9E-A105-9A6BBA7E3907}.Release|Any CPU.Build.0 = Release|Any CPU
		{C09EC5C7-6732-48BD-BC49-BE2E1A54CFDE}.Debug|Any CPU.ActiveCfg = Debug|Any CPU
		{C09EC5C7-6732-48BD-BC49-BE2E1A54CFDE}.Debug|Any CPU.Build.0 = Debug|Any CPU
		{C09EC5C7-6732-48BD-BC49-BE2E1A54CFDE}.Release|Any CPU.ActiveCfg = Release|Any CPU
		{C09EC5C7-6732-48BD-BC49-BE2E1A54CFDE}.Release|Any CPU.Build.0 = Release|Any CPU
		{4221F5C3-0DDA-42D0-AF9D-02A9B1ACF978}.Debug|Any CPU.ActiveCfg = Debug|Any CPU
		{4221F5C3-0DDA-42D0-AF9D-02A9B1ACF978}.Debug|Any CPU.Build.0 = Debug|Any CPU
		{4221F5C3-0DDA-42D0-AF9D-02A9B1ACF978}.Release|Any CPU.ActiveCfg = Release|Any CPU
		{4221F5C3-0DDA-42D0-AF9D-02A9B1ACF978}.Release|Any CPU.Build.0 = Release|Any CPU
		{A56736C5-1834-411E-80C6-0193F52A3EAC}.Debug|Any CPU.ActiveCfg = Debug|Any CPU
		{A56736C5-1834-411E-80C6-0193F52A3EAC}.Debug|Any CPU.Build.0 = Debug|Any CPU
		{A56736C5-1834-411E-80C6-0193F52A3EAC}.Release|Any CPU.ActiveCfg = Release|Any CPU
		{A56736C5-1834-411E-80C6-0193F52A3EAC}.Release|Any CPU.Build.0 = Release|Any CPU
		{4B284ED4-A223-41D6-94B7-0C0CE8B44500}.Debug|Any CPU.ActiveCfg = Debug|Any CPU
		{4B284ED4-A223-41D6-94B7-0C0CE8B44500}.Debug|Any CPU.Build.0 = Debug|Any CPU
		{4B284ED4-A223-41D6-94B7-0C0CE8B44500}.Release|Any CPU.ActiveCfg = Release|Any CPU
		{4B284ED4-A223-41D6-94B7-0C0CE8B44500}.Release|Any CPU.Build.0 = Release|Any CPU
		{1A82341B-913A-42F6-BA5B-BE56E136E746}.Debug|Any CPU.ActiveCfg = Debug|Any CPU
		{1A82341B-913A-42F6-BA5B-BE56E136E746}.Debug|Any CPU.Build.0 = Debug|Any CPU
		{1A82341B-913A-42F6-BA5B-BE56E136E746}.Release|Any CPU.ActiveCfg = Release|Any CPU
		{1A82341B-913A-42F6-BA5B-BE56E136E746}.Release|Any CPU.Build.0 = Release|Any CPU
		{7F69784F-39DF-4BDE-B74C-EA5B46053081}.Debug|Any CPU.ActiveCfg = Debug|Any CPU
		{7F69784F-39DF-4BDE-B74C-EA5B46053081}.Debug|Any CPU.Build.0 = Debug|Any CPU
		{7F69784F-39DF-4BDE-B74C-EA5B46053081}.Release|Any CPU.ActiveCfg = Release|Any CPU
		{7F69784F-39DF-4BDE-B74C-EA5B46053081}.Release|Any CPU.Build.0 = Release|Any CPU
		{AA9726A2-B47B-4E5E-B968-2209370DA4E7}.Debug|Any CPU.ActiveCfg = Debug|Any CPU
		{AA9726A2-B47B-4E5E-B968-2209370DA4E7}.Debug|Any CPU.Build.0 = Debug|Any CPU
		{AA9726A2-B47B-4E5E-B968-2209370DA4E7}.Release|Any CPU.ActiveCfg = Release|Any CPU
		{AA9726A2-B47B-4E5E-B968-2209370DA4E7}.Release|Any CPU.Build.0 = Release|Any CPU
		{CB72ECF0-CEA7-4378-B78A-8C70C79216BE}.Debug|Any CPU.ActiveCfg = Debug|Any CPU
		{CB72ECF0-CEA7-4378-B78A-8C70C79216BE}.Debug|Any CPU.Build.0 = Debug|Any CPU
		{CB72ECF0-CEA7-4378-B78A-8C70C79216BE}.Release|Any CPU.ActiveCfg = Release|Any CPU
		{CB72ECF0-CEA7-4378-B78A-8C70C79216BE}.Release|Any CPU.Build.0 = Release|Any CPU
		{3D26B265-C824-49C4-B186-70A2D4876FA4}.Debug|Any CPU.ActiveCfg = Debug|Any CPU
		{3D26B265-C824-49C4-B186-70A2D4876FA4}.Debug|Any CPU.Build.0 = Debug|Any CPU
		{3D26B265-C824-49C4-B186-70A2D4876FA4}.Release|Any CPU.ActiveCfg = Release|Any CPU
		{3D26B265-C824-49C4-B186-70A2D4876FA4}.Release|Any CPU.Build.0 = Release|Any CPU
		{2A3974A7-782F-48BF-810B-5064203C4E0A}.Debug|Any CPU.ActiveCfg = Debug|Any CPU
		{2A3974A7-782F-48BF-810B-5064203C4E0A}.Debug|Any CPU.Build.0 = Debug|Any CPU
		{2A3974A7-782F-48BF-810B-5064203C4E0A}.Release|Any CPU.ActiveCfg = Release|Any CPU
		{2A3974A7-782F-48BF-810B-5064203C4E0A}.Release|Any CPU.Build.0 = Release|Any CPU
		{5B87FB40-FB7C-48CC-A481-979395D9A9D2}.Debug|Any CPU.ActiveCfg = Debug|Any CPU
		{5B87FB40-FB7C-48CC-A481-979395D9A9D2}.Debug|Any CPU.Build.0 = Debug|Any CPU
		{5B87FB40-FB7C-48CC-A481-979395D9A9D2}.Release|Any CPU.ActiveCfg = Release|Any CPU
		{5B87FB40-FB7C-48CC-A481-979395D9A9D2}.Release|Any CPU.Build.0 = Release|Any CPU
		{E1ACCFA8-244E-47E2-B822-2095C4040C0E}.Debug|Any CPU.ActiveCfg = Debug|Any CPU
		{E1ACCFA8-244E-47E2-B822-2095C4040C0E}.Debug|Any CPU.Build.0 = Debug|Any CPU
		{E1ACCFA8-244E-47E2-B822-2095C4040C0E}.Release|Any CPU.ActiveCfg = Release|Any CPU
		{E1ACCFA8-244E-47E2-B822-2095C4040C0E}.Release|Any CPU.Build.0 = Release|Any CPU
		{02932DA1-2275-4014-8EE1-4C71865B1F1D}.Debug|Any CPU.ActiveCfg = Debug|Any CPU
		{02932DA1-2275-4014-8EE1-4C71865B1F1D}.Debug|Any CPU.Build.0 = Debug|Any CPU
		{02932DA1-2275-4014-8EE1-4C71865B1F1D}.Release|Any CPU.ActiveCfg = Release|Any CPU
		{02932DA1-2275-4014-8EE1-4C71865B1F1D}.Release|Any CPU.Build.0 = Release|Any CPU
		{748CDADE-6EAA-41F7-8CE1-A3AD8D7DE9E2}.Debug|Any CPU.ActiveCfg = Debug|Any CPU
		{748CDADE-6EAA-41F7-8CE1-A3AD8D7DE9E2}.Debug|Any CPU.Build.0 = Debug|Any CPU
		{748CDADE-6EAA-41F7-8CE1-A3AD8D7DE9E2}.Release|Any CPU.ActiveCfg = Release|Any CPU
		{748CDADE-6EAA-41F7-8CE1-A3AD8D7DE9E2}.Release|Any CPU.Build.0 = Release|Any CPU
		{FA1DDD29-D2E5-4DC6-814B-2015593C3F02}.Debug|Any CPU.ActiveCfg = Debug|Any CPU
		{FA1DDD29-D2E5-4DC6-814B-2015593C3F02}.Debug|Any CPU.Build.0 = Debug|Any CPU
		{FA1DDD29-D2E5-4DC6-814B-2015593C3F02}.Release|Any CPU.ActiveCfg = Release|Any CPU
		{FA1DDD29-D2E5-4DC6-814B-2015593C3F02}.Release|Any CPU.Build.0 = Release|Any CPU
	EndGlobalSection
	GlobalSection(SolutionProperties) = preSolution
		HideSolutionNode = FALSE
	EndGlobalSection
	GlobalSection(ExtensibilityGlobals) = postSolution
		SolutionGuid = {6BF8E945-EBB2-4A72-913C-629901C463DC}
	EndGlobalSection
EndGlobal
