
Microsoft Visual Studio Solution File, Format Version 12.00
# Visual Studio 15
VisualStudioVersion = 15.0.27703.2035
MinimumVisualStudioVersion = 10.0.40219.1
Project("{9A19103F-16F7-4668-BE54-9A1E7A4F7556}") = "Utilities", "Utilities\Utilities.csproj", "{37E48D27-2C7A-4E19-9F5F-62E8A3ECA3F8}"
EndProject
Project("{9A19103F-16F7-4668-BE54-9A1E7A4F7556}") = "Domain", "Domain\Domain\Domain.csproj", "{2DB03EAC-30CF-4DCD-9203-33EC6DD9C0ED}"
EndProject
Project("{9A19103F-16F7-4668-BE54-9A1E7A4F7556}") = "Domain.Tests", "Domain\Domain.Tests\Domain.Tests.csproj", "{B062B866-DDFE-438A-A3E5-6038DFC89C38}"
EndProject
Project("{9A19103F-16F7-4668-BE54-9A1E7A4F7556}") = "Relay.App", "Relay\App\Relay.App.csproj", "{C900B4F4-C527-4F69-B034-2510C5AFBB78}"
EndProject
Project("{9A19103F-16F7-4668-BE54-9A1E7A4F7556}") = "Relay", "Relay\Relay\Relay.csproj", "{42E7A5DB-8F0B-4305-B302-2337D2A28934}"
EndProject
Project("{9A19103F-16F7-4668-BE54-9A1E7A4F7556}") = "Surveillance.App", "Surveillance\App\Surveillance.App.csproj", "{7FF64A54-B10E-4EF4-8E53-3FB0B4C5F95E}"
EndProject
Project("{9A19103F-16F7-4668-BE54-9A1E7A4F7556}") = "TestHarness.App", "Test Harness\App\TestHarness.App.csproj", "{F0DAE8AA-1379-4103-B259-6CB311151C30}"
EndProject
Project("{9A19103F-16F7-4668-BE54-9A1E7A4F7556}") = "TestHarness", "Test Harness\TestHarness\TestHarness.csproj", "{40340119-6055-429D-8EB5-29381C73E8A9}"
EndProject
Project("{9A19103F-16F7-4668-BE54-9A1E7A4F7556}") = "TestHarness.Tests", "Test Harness\TestHarness.Tests\TestHarness.Tests.csproj", "{807570AC-EA04-4EF4-BC0B-06F6FCF2C4B5}"
EndProject
Project("{9A19103F-16F7-4668-BE54-9A1E7A4F7556}") = "Surveillance", "Surveillance\Surveillance\Surveillance.csproj", "{B4E9EFA4-9C26-4432-8B56-59CB324B2AE0}"
EndProject
Project("{9A19103F-16F7-4668-BE54-9A1E7A4F7556}") = "Relay.Tests", "Relay\Relay.Tests\Relay.Tests.csproj", "{FB5C7F5F-E387-460E-B020-240C6F2EBEC1}"
EndProject
Project("{9A19103F-16F7-4668-BE54-9A1E7A4F7556}") = "Surveillance.DataLayer", "Surveillance\Surveillance.DataLayer\Surveillance.DataLayer.csproj", "{1FEF6EB4-C6C5-420E-AC66-2D315A9A2758}"
EndProject
Project("{9A19103F-16F7-4668-BE54-9A1E7A4F7556}") = "Surveillance.DataLayer.Tests", "Surveillance\Surveillance.DataLayer.Tests\Surveillance.DataLayer.Tests.csproj", "{6C55EB6A-CEF3-4B9E-A105-9A6BBA7E3907}"
EndProject
Project("{9A19103F-16F7-4668-BE54-9A1E7A4F7556}") = "Surveillance.Tests", "Surveillance\Surveillance.Tests\Surveillance.Tests.csproj", "{C09EC5C7-6732-48BD-BC49-BE2E1A54CFDE}"
EndProject
Project("{9A19103F-16F7-4668-BE54-9A1E7A4F7556}") = "Surveillance.ElasticSearchDtos", "Surveillance.ElasticSearchDtos\Surveillance.ElasticSearchDtos.csproj", "{44A842E7-6E59-451C-AC71-D257A2D9AE14}"
EndProject
Project("{9A19103F-16F7-4668-BE54-9A1E7A4F7556}") = "Utilities.Tests", "Utilities.Tests\Utilities.Tests.csproj", "{4221F5C3-0DDA-42D0-AF9D-02A9B1ACF978}"
EndProject
Project("{2150E333-8FDC-42A3-9474-1A3956D46DE8}") = "SolutionItems", "SolutionItems", "{E546D723-A50D-4D86-9E51-555F19A503AC}"
	ProjectSection(SolutionItems) = preProject
		nuget.config = nuget.config
	EndProjectSection
EndProject
Project("{FAE04EC0-301F-11D3-BF4B-00C04F79EFBC}") = "Surveillance.System.DataLayer", "Surveillance.System.DataLayer\Surveillance.System.DataLayer.csproj", "{A56736C5-1834-411E-80C6-0193F52A3EAC}"
EndProject
Project("{FAE04EC0-301F-11D3-BF4B-00C04F79EFBC}") = "Surveillance.System.Auditing", "Surveillance.System.Auditing\Surveillance.System.Auditing.csproj", "{4B284ED4-A223-41D6-94B7-0C0CE8B44500}"
EndProject
Global
	GlobalSection(SolutionConfigurationPlatforms) = preSolution
		Debug|Any CPU = Debug|Any CPU
		Release|Any CPU = Release|Any CPU
	EndGlobalSection
	GlobalSection(ProjectConfigurationPlatforms) = postSolution
		{37E48D27-2C7A-4E19-9F5F-62E8A3ECA3F8}.Debug|Any CPU.ActiveCfg = Debug|Any CPU
		{37E48D27-2C7A-4E19-9F5F-62E8A3ECA3F8}.Debug|Any CPU.Build.0 = Debug|Any CPU
		{37E48D27-2C7A-4E19-9F5F-62E8A3ECA3F8}.Release|Any CPU.ActiveCfg = Release|Any CPU
		{37E48D27-2C7A-4E19-9F5F-62E8A3ECA3F8}.Release|Any CPU.Build.0 = Release|Any CPU
		{2DB03EAC-30CF-4DCD-9203-33EC6DD9C0ED}.Debug|Any CPU.ActiveCfg = Debug|Any CPU
		{2DB03EAC-30CF-4DCD-9203-33EC6DD9C0ED}.Debug|Any CPU.Build.0 = Debug|Any CPU
		{2DB03EAC-30CF-4DCD-9203-33EC6DD9C0ED}.Release|Any CPU.ActiveCfg = Release|Any CPU
		{2DB03EAC-30CF-4DCD-9203-33EC6DD9C0ED}.Release|Any CPU.Build.0 = Release|Any CPU
		{B062B866-DDFE-438A-A3E5-6038DFC89C38}.Debug|Any CPU.ActiveCfg = Debug|Any CPU
		{B062B866-DDFE-438A-A3E5-6038DFC89C38}.Debug|Any CPU.Build.0 = Debug|Any CPU
		{B062B866-DDFE-438A-A3E5-6038DFC89C38}.Release|Any CPU.ActiveCfg = Release|Any CPU
		{B062B866-DDFE-438A-A3E5-6038DFC89C38}.Release|Any CPU.Build.0 = Release|Any CPU
		{C900B4F4-C527-4F69-B034-2510C5AFBB78}.Debug|Any CPU.ActiveCfg = Debug|Any CPU
		{C900B4F4-C527-4F69-B034-2510C5AFBB78}.Debug|Any CPU.Build.0 = Debug|Any CPU
		{C900B4F4-C527-4F69-B034-2510C5AFBB78}.Release|Any CPU.ActiveCfg = Release|Any CPU
		{C900B4F4-C527-4F69-B034-2510C5AFBB78}.Release|Any CPU.Build.0 = Release|Any CPU
		{42E7A5DB-8F0B-4305-B302-2337D2A28934}.Debug|Any CPU.ActiveCfg = Debug|Any CPU
		{42E7A5DB-8F0B-4305-B302-2337D2A28934}.Debug|Any CPU.Build.0 = Debug|Any CPU
		{42E7A5DB-8F0B-4305-B302-2337D2A28934}.Release|Any CPU.ActiveCfg = Release|Any CPU
		{42E7A5DB-8F0B-4305-B302-2337D2A28934}.Release|Any CPU.Build.0 = Release|Any CPU
		{7FF64A54-B10E-4EF4-8E53-3FB0B4C5F95E}.Debug|Any CPU.ActiveCfg = Debug|Any CPU
		{7FF64A54-B10E-4EF4-8E53-3FB0B4C5F95E}.Debug|Any CPU.Build.0 = Debug|Any CPU
		{7FF64A54-B10E-4EF4-8E53-3FB0B4C5F95E}.Release|Any CPU.ActiveCfg = Release|Any CPU
		{7FF64A54-B10E-4EF4-8E53-3FB0B4C5F95E}.Release|Any CPU.Build.0 = Release|Any CPU
		{F0DAE8AA-1379-4103-B259-6CB311151C30}.Debug|Any CPU.ActiveCfg = Debug|Any CPU
		{F0DAE8AA-1379-4103-B259-6CB311151C30}.Debug|Any CPU.Build.0 = Debug|Any CPU
		{F0DAE8AA-1379-4103-B259-6CB311151C30}.Release|Any CPU.ActiveCfg = Release|Any CPU
		{F0DAE8AA-1379-4103-B259-6CB311151C30}.Release|Any CPU.Build.0 = Release|Any CPU
		{40340119-6055-429D-8EB5-29381C73E8A9}.Debug|Any CPU.ActiveCfg = Debug|Any CPU
		{40340119-6055-429D-8EB5-29381C73E8A9}.Debug|Any CPU.Build.0 = Debug|Any CPU
		{40340119-6055-429D-8EB5-29381C73E8A9}.Release|Any CPU.ActiveCfg = Release|Any CPU
		{40340119-6055-429D-8EB5-29381C73E8A9}.Release|Any CPU.Build.0 = Release|Any CPU
		{807570AC-EA04-4EF4-BC0B-06F6FCF2C4B5}.Debug|Any CPU.ActiveCfg = Debug|Any CPU
		{807570AC-EA04-4EF4-BC0B-06F6FCF2C4B5}.Debug|Any CPU.Build.0 = Debug|Any CPU
		{807570AC-EA04-4EF4-BC0B-06F6FCF2C4B5}.Release|Any CPU.ActiveCfg = Release|Any CPU
		{807570AC-EA04-4EF4-BC0B-06F6FCF2C4B5}.Release|Any CPU.Build.0 = Release|Any CPU
		{B4E9EFA4-9C26-4432-8B56-59CB324B2AE0}.Debug|Any CPU.ActiveCfg = Debug|Any CPU
		{B4E9EFA4-9C26-4432-8B56-59CB324B2AE0}.Debug|Any CPU.Build.0 = Debug|Any CPU
		{B4E9EFA4-9C26-4432-8B56-59CB324B2AE0}.Release|Any CPU.ActiveCfg = Release|Any CPU
		{B4E9EFA4-9C26-4432-8B56-59CB324B2AE0}.Release|Any CPU.Build.0 = Release|Any CPU
		{FB5C7F5F-E387-460E-B020-240C6F2EBEC1}.Debug|Any CPU.ActiveCfg = Debug|Any CPU
		{FB5C7F5F-E387-460E-B020-240C6F2EBEC1}.Debug|Any CPU.Build.0 = Debug|Any CPU
		{FB5C7F5F-E387-460E-B020-240C6F2EBEC1}.Release|Any CPU.ActiveCfg = Release|Any CPU
		{FB5C7F5F-E387-460E-B020-240C6F2EBEC1}.Release|Any CPU.Build.0 = Release|Any CPU
		{1FEF6EB4-C6C5-420E-AC66-2D315A9A2758}.Debug|Any CPU.ActiveCfg = Debug|Any CPU
		{1FEF6EB4-C6C5-420E-AC66-2D315A9A2758}.Debug|Any CPU.Build.0 = Debug|Any CPU
		{1FEF6EB4-C6C5-420E-AC66-2D315A9A2758}.Release|Any CPU.ActiveCfg = Release|Any CPU
		{1FEF6EB4-C6C5-420E-AC66-2D315A9A2758}.Release|Any CPU.Build.0 = Release|Any CPU
		{6C55EB6A-CEF3-4B9E-A105-9A6BBA7E3907}.Debug|Any CPU.ActiveCfg = Debug|Any CPU
		{6C55EB6A-CEF3-4B9E-A105-9A6BBA7E3907}.Debug|Any CPU.Build.0 = Debug|Any CPU
		{6C55EB6A-CEF3-4B9E-A105-9A6BBA7E3907}.Release|Any CPU.ActiveCfg = Release|Any CPU
		{6C55EB6A-CEF3-4B9E-A105-9A6BBA7E3907}.Release|Any CPU.Build.0 = Release|Any CPU
		{C09EC5C7-6732-48BD-BC49-BE2E1A54CFDE}.Debug|Any CPU.ActiveCfg = Debug|Any CPU
		{C09EC5C7-6732-48BD-BC49-BE2E1A54CFDE}.Debug|Any CPU.Build.0 = Debug|Any CPU
		{C09EC5C7-6732-48BD-BC49-BE2E1A54CFDE}.Release|Any CPU.ActiveCfg = Release|Any CPU
		{C09EC5C7-6732-48BD-BC49-BE2E1A54CFDE}.Release|Any CPU.Build.0 = Release|Any CPU
		{44A842E7-6E59-451C-AC71-D257A2D9AE14}.Debug|Any CPU.ActiveCfg = Debug|Any CPU
		{44A842E7-6E59-451C-AC71-D257A2D9AE14}.Debug|Any CPU.Build.0 = Debug|Any CPU
		{44A842E7-6E59-451C-AC71-D257A2D9AE14}.Release|Any CPU.ActiveCfg = Release|Any CPU
		{44A842E7-6E59-451C-AC71-D257A2D9AE14}.Release|Any CPU.Build.0 = Release|Any CPU
		{4221F5C3-0DDA-42D0-AF9D-02A9B1ACF978}.Debug|Any CPU.ActiveCfg = Debug|Any CPU
		{4221F5C3-0DDA-42D0-AF9D-02A9B1ACF978}.Debug|Any CPU.Build.0 = Debug|Any CPU
		{4221F5C3-0DDA-42D0-AF9D-02A9B1ACF978}.Release|Any CPU.ActiveCfg = Release|Any CPU
		{4221F5C3-0DDA-42D0-AF9D-02A9B1ACF978}.Release|Any CPU.Build.0 = Release|Any CPU
		{A56736C5-1834-411E-80C6-0193F52A3EAC}.Debug|Any CPU.ActiveCfg = Debug|Any CPU
		{A56736C5-1834-411E-80C6-0193F52A3EAC}.Debug|Any CPU.Build.0 = Debug|Any CPU
		{A56736C5-1834-411E-80C6-0193F52A3EAC}.Release|Any CPU.ActiveCfg = Release|Any CPU
		{A56736C5-1834-411E-80C6-0193F52A3EAC}.Release|Any CPU.Build.0 = Release|Any CPU
		{4B284ED4-A223-41D6-94B7-0C0CE8B44500}.Debug|Any CPU.ActiveCfg = Debug|Any CPU
		{4B284ED4-A223-41D6-94B7-0C0CE8B44500}.Debug|Any CPU.Build.0 = Debug|Any CPU
		{4B284ED4-A223-41D6-94B7-0C0CE8B44500}.Release|Any CPU.ActiveCfg = Release|Any CPU
		{4B284ED4-A223-41D6-94B7-0C0CE8B44500}.Release|Any CPU.Build.0 = Release|Any CPU
	EndGlobalSection
	GlobalSection(SolutionProperties) = preSolution
		HideSolutionNode = FALSE
	EndGlobalSection
	GlobalSection(ExtensibilityGlobals) = postSolution
		SolutionGuid = {6BF8E945-EBB2-4A72-913C-629901C463DC}
	EndGlobalSection
EndGlobal
